
Microsoft Visual Studio Solution File, Format Version 12.00
# Visual Studio Version 16
VisualStudioVersion = 16.0.29613.14
MinimumVisualStudioVersion = 10.0.40219.1
Project("{9A19103F-16F7-4668-BE54-9A1E7A4F7556}") = "ServiceManagerAPI", "ServiceManager\ServiceManagerAPI.csproj", "{1AA86F8E-C1C8-4B0A-8B3E-5B174C765BA9}"
EndProject
Global
	GlobalSection(SolutionConfigurationPlatforms) = preSolution
		Debug|Any CPU = Debug|Any CPU
		Release|Any CPU = Release|Any CPU
	EndGlobalSection
	GlobalSection(ProjectConfigurationPlatforms) = postSolution
		{1AA86F8E-C1C8-4B0A-8B3E-5B174C765BA9}.Debug|Any CPU.ActiveCfg = Debug|Any CPU
		{1AA86F8E-C1C8-4B0A-8B3E-5B174C765BA9}.Debug|Any CPU.Build.0 = Debug|Any CPU
		{1AA86F8E-C1C8-4B0A-8B3E-5B174C765BA9}.Release|Any CPU.ActiveCfg = Release|Any CPU
		{1AA86F8E-C1C8-4B0A-8B3E-5B174C765BA9}.Release|Any CPU.Build.0 = Release|Any CPU
	EndGlobalSection
	GlobalSection(SolutionProperties) = preSolution
		HideSolutionNode = FALSE
	EndGlobalSection
	GlobalSection(ExtensibilityGlobals) = postSolution
		SolutionGuid = {CB8944C0-1486-4FA4-84D9-85A0CDC3FD3F}
	EndGlobalSection
EndGlobal
